// !$*UTF8*$!
{
	archiveVersion = 1;
	classes = {
	};
	objectVersion = 46;
	objects = {

/* Begin PBXBuildFile section */
		3770CE145687FBB1A965F276 /* Pods_Pic_Post.framework in Frameworks */ = {isa = PBXBuildFile; fileRef = 941ED197178717C04C2E1FA8 /* Pods_Pic_Post.framework */; };
		4F2AD0F31E53CA0500AB1348 /* FeedVC.swift in Sources */ = {isa = PBXBuildFile; fileRef = 4F2AD0F21E53CA0500AB1348 /* FeedVC.swift */; };
		4F43AEF21E56036800FED374 /* CircleView.swift in Sources */ = {isa = PBXBuildFile; fileRef = 4F43AEF11E56036800FED374 /* CircleView.swift */; };
		4F43AEF51E5B8BB800FED374 /* DataService.swift in Sources */ = {isa = PBXBuildFile; fileRef = 4F43AEF41E5B8BB800FED374 /* DataService.swift */; };
		4F43AEF71E5BA66900FED374 /* Post.swift in Sources */ = {isa = PBXBuildFile; fileRef = 4F43AEF61E5BA66900FED374 /* Post.swift */; };
		4FA008731E493C44006A60AF /* FancyView.swift in Sources */ = {isa = PBXBuildFile; fileRef = 4FA008721E493C44006A60AF /* FancyView.swift */; };
		4FA008761E493D64006A60AF /* Constants.swift in Sources */ = {isa = PBXBuildFile; fileRef = 4FA008751E493D64006A60AF /* Constants.swift */; };
		4FA008781E494518006A60AF /* RoundBtn.swift in Sources */ = {isa = PBXBuildFile; fileRef = 4FA008771E494518006A60AF /* RoundBtn.swift */; };
		4FA0087A1E49521E006A60AF /* FancyField.swift in Sources */ = {isa = PBXBuildFile; fileRef = 4FA008791E49521E006A60AF /* FancyField.swift */; };
		4FA0087C1E4953F1006A60AF /* FancyBtn.swift in Sources */ = {isa = PBXBuildFile; fileRef = 4FA0087B1E4953F1006A60AF /* FancyBtn.swift */; };
		EA46AF731E57767900A0B43A /* PostCell.swift in Sources */ = {isa = PBXBuildFile; fileRef = EA46AF721E57767900A0B43A /* PostCell.swift */; };
		EAC3D8691E4690B300E250AD /* AppDelegate.swift in Sources */ = {isa = PBXBuildFile; fileRef = EAC3D8681E4690B300E250AD /* AppDelegate.swift */; };
		EAC3D86B1E4690B300E250AD /* SignInVC.swift in Sources */ = {isa = PBXBuildFile; fileRef = EAC3D86A1E4690B300E250AD /* SignInVC.swift */; };
		EAC3D86E1E4690B300E250AD /* Main.storyboard in Resources */ = {isa = PBXBuildFile; fileRef = EAC3D86C1E4690B300E250AD /* Main.storyboard */; };
		EAC3D8701E4690B300E250AD /* Assets.xcassets in Resources */ = {isa = PBXBuildFile; fileRef = EAC3D86F1E4690B300E250AD /* Assets.xcassets */; };
		EAC3D8731E4690B300E250AD /* LaunchScreen.storyboard in Resources */ = {isa = PBXBuildFile; fileRef = EAC3D8711E4690B300E250AD /* LaunchScreen.storyboard */; };
		EAC3D87B1E4691DA00E250AD /* GoogleService-Info.plist in Resources */ = {isa = PBXBuildFile; fileRef = EAC3D87A1E4691DA00E250AD /* GoogleService-Info.plist */; };
/* End PBXBuildFile section */

/* Begin PBXFileReference section */
		4F2AD0F21E53CA0500AB1348 /* FeedVC.swift */ = {isa = PBXFileReference; fileEncoding = 4; lastKnownFileType = sourcecode.swift; path = FeedVC.swift; sourceTree = "<group>"; };
		4F43AEF11E56036800FED374 /* CircleView.swift */ = {isa = PBXFileReference; fileEncoding = 4; lastKnownFileType = sourcecode.swift; path = CircleView.swift; sourceTree = "<group>"; };
		4F43AEF41E5B8BB800FED374 /* DataService.swift */ = {isa = PBXFileReference; fileEncoding = 4; lastKnownFileType = sourcecode.swift; path = DataService.swift; sourceTree = "<group>"; };
		4F43AEF61E5BA66900FED374 /* Post.swift */ = {isa = PBXFileReference; fileEncoding = 4; lastKnownFileType = sourcecode.swift; path = Post.swift; sourceTree = "<group>"; };
		4FA008721E493C44006A60AF /* FancyView.swift */ = {isa = PBXFileReference; fileEncoding = 4; lastKnownFileType = sourcecode.swift; path = FancyView.swift; sourceTree = "<group>"; };
		4FA008751E493D64006A60AF /* Constants.swift */ = {isa = PBXFileReference; fileEncoding = 4; lastKnownFileType = sourcecode.swift; path = Constants.swift; sourceTree = "<group>"; };
		4FA008771E494518006A60AF /* RoundBtn.swift */ = {isa = PBXFileReference; fileEncoding = 4; lastKnownFileType = sourcecode.swift; path = RoundBtn.swift; sourceTree = "<group>"; };
		4FA008791E49521E006A60AF /* FancyField.swift */ = {isa = PBXFileReference; fileEncoding = 4; lastKnownFileType = sourcecode.swift; path = FancyField.swift; sourceTree = "<group>"; };
		4FA0087B1E4953F1006A60AF /* FancyBtn.swift */ = {isa = PBXFileReference; fileEncoding = 4; lastKnownFileType = sourcecode.swift; path = FancyBtn.swift; sourceTree = "<group>"; };
		93E0249BB0C581B046E2D76C /* Pods-Pic Post.debug.xcconfig */ = {isa = PBXFileReference; includeInIndex = 1; lastKnownFileType = text.xcconfig; name = "Pods-Pic Post.debug.xcconfig"; path = "Pods/Target Support Files/Pods-Pic Post/Pods-Pic Post.debug.xcconfig"; sourceTree = "<group>"; };
		941ED197178717C04C2E1FA8 /* Pods_Pic_Post.framework */ = {isa = PBXFileReference; explicitFileType = wrapper.framework; includeInIndex = 0; path = Pods_Pic_Post.framework; sourceTree = BUILT_PRODUCTS_DIR; };
		B19F4D5FA0EC49F0ECC555B8 /* Pods-Pic Post.release.xcconfig */ = {isa = PBXFileReference; includeInIndex = 1; lastKnownFileType = text.xcconfig; name = "Pods-Pic Post.release.xcconfig"; path = "Pods/Target Support Files/Pods-Pic Post/Pods-Pic Post.release.xcconfig"; sourceTree = "<group>"; };
		EA46AF721E57767900A0B43A /* PostCell.swift */ = {isa = PBXFileReference; fileEncoding = 4; lastKnownFileType = sourcecode.swift; path = PostCell.swift; sourceTree = "<group>"; };
		EAC3D8651E4690B300E250AD /* Pic Post.app */ = {isa = PBXFileReference; explicitFileType = wrapper.application; includeInIndex = 0; path = "Pic Post.app"; sourceTree = BUILT_PRODUCTS_DIR; };
		EAC3D8681E4690B300E250AD /* AppDelegate.swift */ = {isa = PBXFileReference; lastKnownFileType = sourcecode.swift; path = AppDelegate.swift; sourceTree = "<group>"; };
		EAC3D86A1E4690B300E250AD /* SignInVC.swift */ = {isa = PBXFileReference; lastKnownFileType = sourcecode.swift; path = SignInVC.swift; sourceTree = "<group>"; };
		EAC3D86D1E4690B300E250AD /* Base */ = {isa = PBXFileReference; lastKnownFileType = file.storyboard; name = Base; path = Base.lproj/Main.storyboard; sourceTree = "<group>"; };
		EAC3D86F1E4690B300E250AD /* Assets.xcassets */ = {isa = PBXFileReference; lastKnownFileType = folder.assetcatalog; path = Assets.xcassets; sourceTree = "<group>"; };
		EAC3D8721E4690B300E250AD /* Base */ = {isa = PBXFileReference; lastKnownFileType = file.storyboard; name = Base; path = Base.lproj/LaunchScreen.storyboard; sourceTree = "<group>"; };
		EAC3D8741E4690B300E250AD /* Info.plist */ = {isa = PBXFileReference; lastKnownFileType = text.plist.xml; path = Info.plist; sourceTree = "<group>"; };
		EAC3D87A1E4691DA00E250AD /* GoogleService-Info.plist */ = {isa = PBXFileReference; fileEncoding = 4; lastKnownFileType = text.plist.xml; path = "GoogleService-Info.plist"; sourceTree = "<group>"; };
/* End PBXFileReference section */

/* Begin PBXFrameworksBuildPhase section */
		EAC3D8621E4690B300E250AD /* Frameworks */ = {
			isa = PBXFrameworksBuildPhase;
			buildActionMask = 2147483647;
			files = (
				3770CE145687FBB1A965F276 /* Pods_Pic_Post.framework in Frameworks */,
			);
			runOnlyForDeploymentPostprocessing = 0;
		};
/* End PBXFrameworksBuildPhase section */

/* Begin PBXGroup section */
		1FDFDD5EC369BACD099853D6 /* Frameworks */ = {
			isa = PBXGroup;
			children = (
				941ED197178717C04C2E1FA8 /* Pods_Pic_Post.framework */,
			);
			name = Frameworks;
			sourceTree = "<group>";
		};
		40D2BCC01A62F70368E227B1 /* Pods */ = {
			isa = PBXGroup;
			children = (
				93E0249BB0C581B046E2D76C /* Pods-Pic Post.debug.xcconfig */,
				B19F4D5FA0EC49F0ECC555B8 /* Pods-Pic Post.release.xcconfig */,
			);
			name = Pods;
			sourceTree = "<group>";
		};
		4F43AEF31E5B8B9E00FED374 /* Services */ = {
			isa = PBXGroup;
			children = (
				4F43AEF41E5B8BB800FED374 /* DataService.swift */,
			);
			name = Services;
			sourceTree = "<group>";
		};
		4FA008741E493D41006A60AF /* Util */ = {
			isa = PBXGroup;
			children = (
				4FA008751E493D64006A60AF /* Constants.swift */,
			);
			name = Util;
			sourceTree = "<group>";
		};
		EAC3D85C1E4690B300E250AD = {
			isa = PBXGroup;
			children = (
				EAC3D8671E4690B300E250AD /* Pic Post */,
				EAC3D8661E4690B300E250AD /* Products */,
				40D2BCC01A62F70368E227B1 /* Pods */,
				1FDFDD5EC369BACD099853D6 /* Frameworks */,
			);
			sourceTree = "<group>";
		};
		EAC3D8661E4690B300E250AD /* Products */ = {
			isa = PBXGroup;
			children = (
				EAC3D8651E4690B300E250AD /* Pic Post.app */,
			);
			name = Products;
			sourceTree = "<group>";
		};
		EAC3D8671E4690B300E250AD /* Pic Post */ = {
			isa = PBXGroup;
			children = (
				4F43AEF31E5B8B9E00FED374 /* Services */,
				4FA008741E493D41006A60AF /* Util */,
				EAC3D87C1E4694F500E250AD /* Model */,
				EAC3D87E1E46950300E250AD /* Controller */,
				EAC3D87D1E4694FB00E250AD /* View */,
				EAC3D87A1E4691DA00E250AD /* GoogleService-Info.plist */,
				EAC3D8681E4690B300E250AD /* AppDelegate.swift */,
				EAC3D86C1E4690B300E250AD /* Main.storyboard */,
				EAC3D86F1E4690B300E250AD /* Assets.xcassets */,
				EAC3D8711E4690B300E250AD /* LaunchScreen.storyboard */,
				EAC3D8741E4690B300E250AD /* Info.plist */,
			);
			path = "Pic Post";
			sourceTree = "<group>";
		};
		EAC3D87C1E4694F500E250AD /* Model */ = {
			isa = PBXGroup;
			children = (
				4F43AEF61E5BA66900FED374 /* Post.swift */,
			);
			name = Model;
			sourceTree = "<group>";
		};
		EAC3D87D1E4694FB00E250AD /* View */ = {
			isa = PBXGroup;
			children = (
				4FA008721E493C44006A60AF /* FancyView.swift */,
				4FA008771E494518006A60AF /* RoundBtn.swift */,
				4FA008791E49521E006A60AF /* FancyField.swift */,
				4FA0087B1E4953F1006A60AF /* FancyBtn.swift */,
				4F43AEF11E56036800FED374 /* CircleView.swift */,
				EA46AF721E57767900A0B43A /* PostCell.swift */,
			);
			name = View;
			sourceTree = "<group>";
		};
		EAC3D87E1E46950300E250AD /* Controller */ = {
			isa = PBXGroup;
			children = (
				EAC3D86A1E4690B300E250AD /* SignInVC.swift */,
				4F2AD0F21E53CA0500AB1348 /* FeedVC.swift */,
			);
			name = Controller;
			sourceTree = "<group>";
		};
/* End PBXGroup section */

/* Begin PBXNativeTarget section */
		EAC3D8641E4690B300E250AD /* Pic Post */ = {
			isa = PBXNativeTarget;
			buildConfigurationList = EAC3D8771E4690B300E250AD /* Build configuration list for PBXNativeTarget "Pic Post" */;
			buildPhases = (
				4E80F67E5481F1BF253E3C5C /* [CP] Check Pods Manifest.lock */,
				EAC3D8611E4690B300E250AD /* Sources */,
				EAC3D8621E4690B300E250AD /* Frameworks */,
				EAC3D8631E4690B300E250AD /* Resources */,
				A105EB11A7A0A011CA97DF3B /* [CP] Embed Pods Frameworks */,
				DA66DD55E2B663B460936E0A /* [CP] Copy Pods Resources */,
			);
			buildRules = (
			);
			dependencies = (
			);
			name = "Pic Post";
			productName = "Pic Post";
			productReference = EAC3D8651E4690B300E250AD /* Pic Post.app */;
			productType = "com.apple.product-type.application";
		};
/* End PBXNativeTarget section */

/* Begin PBXProject section */
		EAC3D85D1E4690B300E250AD /* Project object */ = {
			isa = PBXProject;
			attributes = {
				LastSwiftUpdateCheck = 0820;
				LastUpgradeCheck = 0820;
				ORGANIZATIONNAME = "Henry Swanson";
				TargetAttributes = {
					EAC3D8641E4690B300E250AD = {
						CreatedOnToolsVersion = 8.2.1;
						DevelopmentTeam = 98B3NJN3T9;
						ProvisioningStyle = Automatic;
					};
				};
			};
			buildConfigurationList = EAC3D8601E4690B300E250AD /* Build configuration list for PBXProject "Pic Post" */;
			compatibilityVersion = "Xcode 3.2";
			developmentRegion = English;
			hasScannedForEncodings = 0;
			knownRegions = (
				en,
				Base,
			);
			mainGroup = EAC3D85C1E4690B300E250AD;
			productRefGroup = EAC3D8661E4690B300E250AD /* Products */;
			projectDirPath = "";
			projectRoot = "";
			targets = (
				EAC3D8641E4690B300E250AD /* Pic Post */,
			);
		};
/* End PBXProject section */

/* Begin PBXResourcesBuildPhase section */
		EAC3D8631E4690B300E250AD /* Resources */ = {
			isa = PBXResourcesBuildPhase;
			buildActionMask = 2147483647;
			files = (
				EAC3D8731E4690B300E250AD /* LaunchScreen.storyboard in Resources */,
				EAC3D87B1E4691DA00E250AD /* GoogleService-Info.plist in Resources */,
				EAC3D8701E4690B300E250AD /* Assets.xcassets in Resources */,
				EAC3D86E1E4690B300E250AD /* Main.storyboard in Resources */,
			);
			runOnlyForDeploymentPostprocessing = 0;
		};
/* End PBXResourcesBuildPhase section */

/* Begin PBXShellScriptBuildPhase section */
		4E80F67E5481F1BF253E3C5C /* [CP] Check Pods Manifest.lock */ = {
			isa = PBXShellScriptBuildPhase;
			buildActionMask = 2147483647;
			files = (
			);
			inputPaths = (
			);
			name = "[CP] Check Pods Manifest.lock";
			outputPaths = (
			);
			runOnlyForDeploymentPostprocessing = 0;
			shellPath = /bin/sh;
			shellScript = "diff \"${PODS_ROOT}/../Podfile.lock\" \"${PODS_ROOT}/Manifest.lock\" > /dev/null\nif [ $? != 0 ] ; then\n    # print error to STDERR\n    echo \"error: The sandbox is not in sync with the Podfile.lock. Run 'pod install' or update your CocoaPods installation.\" >&2\n    exit 1\nfi\n";
			showEnvVarsInLog = 0;
		};
		A105EB11A7A0A011CA97DF3B /* [CP] Embed Pods Frameworks */ = {
			isa = PBXShellScriptBuildPhase;
			buildActionMask = 2147483647;
			files = (
			);
			inputPaths = (
			);
			name = "[CP] Embed Pods Frameworks";
			outputPaths = (
			);
			runOnlyForDeploymentPostprocessing = 0;
			shellPath = /bin/sh;
			shellScript = "\"${SRCROOT}/Pods/Target Support Files/Pods-Pic Post/Pods-Pic Post-frameworks.sh\"\n";
			showEnvVarsInLog = 0;
		};
		DA66DD55E2B663B460936E0A /* [CP] Copy Pods Resources */ = {
			isa = PBXShellScriptBuildPhase;
			buildActionMask = 2147483647;
			files = (
			);
			inputPaths = (
			);
			name = "[CP] Copy Pods Resources";
			outputPaths = (
			);
			runOnlyForDeploymentPostprocessing = 0;
			shellPath = /bin/sh;
			shellScript = "\"${SRCROOT}/Pods/Target Support Files/Pods-Pic Post/Pods-Pic Post-resources.sh\"\n";
			showEnvVarsInLog = 0;
		};
/* End PBXShellScriptBuildPhase section */

/* Begin PBXSourcesBuildPhase section */
		EAC3D8611E4690B300E250AD /* Sources */ = {
			isa = PBXSourcesBuildPhase;
			buildActionMask = 2147483647;
			files = (
				4F43AEF21E56036800FED374 /* CircleView.swift in Sources */,
				4FA0087A1E49521E006A60AF /* FancyField.swift in Sources */,
				EAC3D86B1E4690B300E250AD /* SignInVC.swift in Sources */,
				4F43AEF71E5BA66900FED374 /* Post.swift in Sources */,
				4FA008781E494518006A60AF /* RoundBtn.swift in Sources */,
				EAC3D8691E4690B300E250AD /* AppDelegate.swift in Sources */,
				4F43AEF51E5B8BB800FED374 /* DataService.swift in Sources */,
				4F2AD0F31E53CA0500AB1348 /* FeedVC.swift in Sources */,
				4FA008731E493C44006A60AF /* FancyView.swift in Sources */,
				4FA008761E493D64006A60AF /* Constants.swift in Sources */,
				4FA0087C1E4953F1006A60AF /* FancyBtn.swift in Sources */,
				EA46AF731E57767900A0B43A /* PostCell.swift in Sources */,
			);
			runOnlyForDeploymentPostprocessing = 0;
		};
/* End PBXSourcesBuildPhase section */

/* Begin PBXVariantGroup section */
		EAC3D86C1E4690B300E250AD /* Main.storyboard */ = {
			isa = PBXVariantGroup;
			children = (
				EAC3D86D1E4690B300E250AD /* Base */,
			);
			name = Main.storyboard;
			sourceTree = "<group>";
		};
		EAC3D8711E4690B300E250AD /* LaunchScreen.storyboard */ = {
			isa = PBXVariantGroup;
			children = (
				EAC3D8721E4690B300E250AD /* Base */,
			);
			name = LaunchScreen.storyboard;
			sourceTree = "<group>";
		};
/* End PBXVariantGroup section */

/* Begin XCBuildConfiguration section */
		EAC3D8751E4690B300E250AD /* Debug */ = {
			isa = XCBuildConfiguration;
			buildSettings = {
				ALWAYS_SEARCH_USER_PATHS = NO;
				CLANG_ANALYZER_NONNULL = YES;
				CLANG_CXX_LANGUAGE_STANDARD = "gnu++0x";
				CLANG_CXX_LIBRARY = "libc++";
				CLANG_ENABLE_MODULES = YES;
				CLANG_ENABLE_OBJC_ARC = YES;
				CLANG_WARN_BOOL_CONVERSION = YES;
				CLANG_WARN_CONSTANT_CONVERSION = YES;
				CLANG_WARN_DIRECT_OBJC_ISA_USAGE = YES_ERROR;
				CLANG_WARN_DOCUMENTATION_COMMENTS = YES;
				CLANG_WARN_EMPTY_BODY = YES;
				CLANG_WARN_ENUM_CONVERSION = YES;
				CLANG_WARN_INFINITE_RECURSION = YES;
				CLANG_WARN_INT_CONVERSION = YES;
				CLANG_WARN_OBJC_ROOT_CLASS = YES_ERROR;
				CLANG_WARN_SUSPICIOUS_MOVE = YES;
				CLANG_WARN_UNREACHABLE_CODE = YES;
				CLANG_WARN__DUPLICATE_METHOD_MATCH = YES;
				"CODE_SIGN_IDENTITY[sdk=iphoneos*]" = "iPhone Developer";
				COPY_PHASE_STRIP = NO;
				DEBUG_INFORMATION_FORMAT = dwarf;
				ENABLE_STRICT_OBJC_MSGSEND = YES;
				ENABLE_TESTABILITY = YES;
				GCC_C_LANGUAGE_STANDARD = gnu99;
				GCC_DYNAMIC_NO_PIC = NO;
				GCC_NO_COMMON_BLOCKS = YES;
				GCC_OPTIMIZATION_LEVEL = 0;
				GCC_PREPROCESSOR_DEFINITIONS = (
					"DEBUG=1",
					"$(inherited)",
				);
				GCC_WARN_64_TO_32_BIT_CONVERSION = YES;
				GCC_WARN_ABOUT_RETURN_TYPE = YES_ERROR;
				GCC_WARN_UNDECLARED_SELECTOR = YES;
				GCC_WARN_UNINITIALIZED_AUTOS = YES_AGGRESSIVE;
				GCC_WARN_UNUSED_FUNCTION = YES;
				GCC_WARN_UNUSED_VARIABLE = YES;
				IPHONEOS_DEPLOYMENT_TARGET = 10.2;
				MTL_ENABLE_DEBUG_INFO = YES;
				ONLY_ACTIVE_ARCH = YES;
				SDKROOT = iphoneos;
				SWIFT_ACTIVE_COMPILATION_CONDITIONS = DEBUG;
				SWIFT_OPTIMIZATION_LEVEL = "-Onone";
				TARGETED_DEVICE_FAMILY = "1,2";
			};
			name = Debug;
		};
		EAC3D8761E4690B300E250AD /* Release */ = {
			isa = XCBuildConfiguration;
			buildSettings = {
				ALWAYS_SEARCH_USER_PATHS = NO;
				CLANG_ANALYZER_NONNULL = YES;
				CLANG_CXX_LANGUAGE_STANDARD = "gnu++0x";
				CLANG_CXX_LIBRARY = "libc++";
				CLANG_ENABLE_MODULES = YES;
				CLANG_ENABLE_OBJC_ARC = YES;
				CLANG_WARN_BOOL_CONVERSION = YES;
				CLANG_WARN_CONSTANT_CONVERSION = YES;
				CLANG_WARN_DIRECT_OBJC_ISA_USAGE = YES_ERROR;
				CLANG_WARN_DOCUMENTATION_COMMENTS = YES;
				CLANG_WARN_EMPTY_BODY = YES;
				CLANG_WARN_ENUM_CONVERSION = YES;
				CLANG_WARN_INFINITE_RECURSION = YES;
				CLANG_WARN_INT_CONVERSION = YES;
				CLANG_WARN_OBJC_ROOT_CLASS = YES_ERROR;
				CLANG_WARN_SUSPICIOUS_MOVE = YES;
				CLANG_WARN_UNREACHABLE_CODE = YES;
				CLANG_WARN__DUPLICATE_METHOD_MATCH = YES;
				"CODE_SIGN_IDENTITY[sdk=iphoneos*]" = "iPhone Developer";
				COPY_PHASE_STRIP = NO;
				DEBUG_INFORMATION_FORMAT = "dwarf-with-dsym";
				ENABLE_NS_ASSERTIONS = NO;
				ENABLE_STRICT_OBJC_MSGSEND = YES;
				GCC_C_LANGUAGE_STANDARD = gnu99;
				GCC_NO_COMMON_BLOCKS = YES;
				GCC_WARN_64_TO_32_BIT_CONVERSION = YES;
				GCC_WARN_ABOUT_RETURN_TYPE = YES_ERROR;
				GCC_WARN_UNDECLARED_SELECTOR = YES;
				GCC_WARN_UNINITIALIZED_AUTOS = YES_AGGRESSIVE;
				GCC_WARN_UNUSED_FUNCTION = YES;
				GCC_WARN_UNUSED_VARIABLE = YES;
				IPHONEOS_DEPLOYMENT_TARGET = 10.2;
				MTL_ENABLE_DEBUG_INFO = NO;
				SDKROOT = iphoneos;
				SWIFT_OPTIMIZATION_LEVEL = "-Owholemodule";
				TARGETED_DEVICE_FAMILY = "1,2";
				VALIDATE_PRODUCT = YES;
			};
			name = Release;
		};
		EAC3D8781E4690B300E250AD /* Debug */ = {
			isa = XCBuildConfiguration;
			baseConfigurationReference = 93E0249BB0C581B046E2D76C /* Pods-Pic Post.debug.xcconfig */;
			buildSettings = {
				ASSETCATALOG_COMPILER_APPICON_NAME = AppIcon;
				DEVELOPMENT_TEAM = 98B3NJN3T9;
				FRAMEWORK_SEARCH_PATHS = (
					"$(inherited)",
					"$(PROJECT_DIR)",
				);
				INFOPLIST_FILE = "Pic Post/Info.plist";
				LD_RUNPATH_SEARCH_PATHS = "$(inherited) @executable_path/Frameworks";
				PRODUCT_BUNDLE_IDENTIFIER = "com.porkchopexpress.Pic-Post";
				PRODUCT_NAME = "$(TARGET_NAME)";
				SWIFT_VERSION = 3.0;
			};
			name = Debug;
		};
		EAC3D8791E4690B300E250AD /* Release */ = {
			isa = XCBuildConfiguration;
			baseConfigurationReference = B19F4D5FA0EC49F0ECC555B8 /* Pods-Pic Post.release.xcconfig */;
			buildSettings = {
				ASSETCATALOG_COMPILER_APPICON_NAME = AppIcon;
				DEVELOPMENT_TEAM = 98B3NJN3T9;
				FRAMEWORK_SEARCH_PATHS = (
					"$(inherited)",
					"$(PROJECT_DIR)",
				);
				INFOPLIST_FILE = "Pic Post/Info.plist";
				LD_RUNPATH_SEARCH_PATHS = "$(inherited) @executable_path/Frameworks";
				PRODUCT_BUNDLE_IDENTIFIER = "com.porkchopexpress.Pic-Post";
				PRODUCT_NAME = "$(TARGET_NAME)";
				SWIFT_VERSION = 3.0;
			};
			name = Release;
		};
/* End XCBuildConfiguration section */

/* Begin XCConfigurationList section */
		EAC3D8601E4690B300E250AD /* Build configuration list for PBXProject "Pic Post" */ = {
			isa = XCConfigurationList;
			buildConfigurations = (
				EAC3D8751E4690B300E250AD /* Debug */,
				EAC3D8761E4690B300E250AD /* Release */,
			);
			defaultConfigurationIsVisible = 0;
			defaultConfigurationName = Release;
		};
		EAC3D8771E4690B300E250AD /* Build configuration list for PBXNativeTarget "Pic Post" */ = {
			isa = XCConfigurationList;
			buildConfigurations = (
				EAC3D8781E4690B300E250AD /* Debug */,
				EAC3D8791E4690B300E250AD /* Release */,
			);
			defaultConfigurationIsVisible = 0;
			defaultConfigurationName = Release;
		};
/* End XCConfigurationList section */
	};
	rootObject = EAC3D85D1E4690B300E250AD /* Project object */;
}
